// !$*UTF8*$!
{
	archiveVersion = 1;
	classes = {
	};
	objectVersion = 50;
	objects = {

/* Begin PBXBuildFile section */
		CECA6A5C23DCD2670051A15A /* AppDelegate.swift in Sources */ = {isa = PBXBuildFile; fileRef = CECA6A5B23DCD2670051A15A /* AppDelegate.swift */; };
		CECA6A5E23DCD2670051A15A /* SceneDelegate.swift in Sources */ = {isa = PBXBuildFile; fileRef = CECA6A5D23DCD2670051A15A /* SceneDelegate.swift */; };
		CECA6A6023DCD2670051A15A /* ViewController.swift in Sources */ = {isa = PBXBuildFile; fileRef = CECA6A5F23DCD2670051A15A /* ViewController.swift */; };
		CECA6A6323DCD2670051A15A /* Main.storyboard in Resources */ = {isa = PBXBuildFile; fileRef = CECA6A6123DCD2670051A15A /* Main.storyboard */; };
		CECA6A6523DCD2680051A15A /* Assets.xcassets in Resources */ = {isa = PBXBuildFile; fileRef = CECA6A6423DCD2680051A15A /* Assets.xcassets */; };
		CECA6A6823DCD2680051A15A /* LaunchScreen.storyboard in Resources */ = {isa = PBXBuildFile; fileRef = CECA6A6623DCD2680051A15A /* LaunchScreen.storyboard */; };
		CECA6A7023E10E030051A15A /* GPSPoint.swift in Sources */ = {isa = PBXBuildFile; fileRef = CECA6A6F23E10E030051A15A /* GPSPoint.swift */; };
		CECA6A7223E112260051A15A /* Route.swift in Sources */ = {isa = PBXBuildFile; fileRef = CECA6A7123E112260051A15A /* Route.swift */; };
/* End PBXBuildFile section */

/* Begin PBXFileReference section */
		CECA6A5823DCD2670051A15A /* GPS_test.app */ = {isa = PBXFileReference; explicitFileType = wrapper.application; includeInIndex = 0; path = GPS_test.app; sourceTree = BUILT_PRODUCTS_DIR; };
		CECA6A5B23DCD2670051A15A /* AppDelegate.swift */ = {isa = PBXFileReference; lastKnownFileType = sourcecode.swift; path = AppDelegate.swift; sourceTree = "<group>"; };
		CECA6A5D23DCD2670051A15A /* SceneDelegate.swift */ = {isa = PBXFileReference; lastKnownFileType = sourcecode.swift; path = SceneDelegate.swift; sourceTree = "<group>"; };
		CECA6A5F23DCD2670051A15A /* ViewController.swift */ = {isa = PBXFileReference; lastKnownFileType = sourcecode.swift; path = ViewController.swift; sourceTree = "<group>"; };
		CECA6A6223DCD2670051A15A /* Base */ = {isa = PBXFileReference; lastKnownFileType = file.storyboard; name = Base; path = Base.lproj/Main.storyboard; sourceTree = "<group>"; };
		CECA6A6423DCD2680051A15A /* Assets.xcassets */ = {isa = PBXFileReference; lastKnownFileType = folder.assetcatalog; path = Assets.xcassets; sourceTree = "<group>"; };
		CECA6A6723DCD2680051A15A /* Base */ = {isa = PBXFileReference; lastKnownFileType = file.storyboard; name = Base; path = Base.lproj/LaunchScreen.storyboard; sourceTree = "<group>"; };
		CECA6A6923DCD2680051A15A /* Info.plist */ = {isa = PBXFileReference; lastKnownFileType = text.plist.xml; path = Info.plist; sourceTree = "<group>"; };
		CECA6A6F23E10E030051A15A /* GPSPoint.swift */ = {isa = PBXFileReference; lastKnownFileType = sourcecode.swift; path = GPSPoint.swift; sourceTree = "<group>"; };
		CECA6A7123E112260051A15A /* Route.swift */ = {isa = PBXFileReference; lastKnownFileType = sourcecode.swift; path = Route.swift; sourceTree = "<group>"; };
/* End PBXFileReference section */

/* Begin PBXFrameworksBuildPhase section */
		CECA6A5523DCD2670051A15A /* Frameworks */ = {
			isa = PBXFrameworksBuildPhase;
			buildActionMask = 2147483647;
			files = (
			);
			runOnlyForDeploymentPostprocessing = 0;
		};
/* End PBXFrameworksBuildPhase section */

/* Begin PBXGroup section */
		CECA6A4F23DCD2670051A15A = {
			isa = PBXGroup;
			children = (
				CECA6A5A23DCD2670051A15A /* GPS_test */,
				CECA6A5923DCD2670051A15A /* Products */,
			);
			sourceTree = "<group>";
		};
		CECA6A5923DCD2670051A15A /* Products */ = {
			isa = PBXGroup;
			children = (
				CECA6A5823DCD2670051A15A /* GPS_test.app */,
			);
			name = Products;
			sourceTree = "<group>";
		};
		CECA6A5A23DCD2670051A15A /* GPS_test */ = {
			isa = PBXGroup;
			children = (
				CECA6A5B23DCD2670051A15A /* AppDelegate.swift */,
				CECA6A5D23DCD2670051A15A /* SceneDelegate.swift */,
				CECA6A5F23DCD2670051A15A /* ViewController.swift */,
				CECA6A6123DCD2670051A15A /* Main.storyboard */,
				CECA6A6F23E10E030051A15A /* GPSPoint.swift */,
				CECA6A7123E112260051A15A /* Route.swift */,
				CECA6A6423DCD2680051A15A /* Assets.xcassets */,
				CECA6A6623DCD2680051A15A /* LaunchScreen.storyboard */,
				CECA6A6923DCD2680051A15A /* Info.plist */,
			);
			path = GPS_test;
			sourceTree = "<group>";
		};
/* End PBXGroup section */

/* Begin PBXNativeTarget section */
		CECA6A5723DCD2670051A15A /* GPS_test */ = {
			isa = PBXNativeTarget;
			buildConfigurationList = CECA6A6C23DCD2680051A15A /* Build configuration list for PBXNativeTarget "GPS_test" */;
			buildPhases = (
				CECA6A5423DCD2670051A15A /* Sources */,
				CECA6A5523DCD2670051A15A /* Frameworks */,
				CECA6A5623DCD2670051A15A /* Resources */,
			);
			buildRules = (
			);
			dependencies = (
			);
			name = GPS_test;
			productName = GPS_test;
			productReference = CECA6A5823DCD2670051A15A /* GPS_test.app */;
			productType = "com.apple.product-type.application";
		};
/* End PBXNativeTarget section */

/* Begin PBXProject section */
		CECA6A5023DCD2670051A15A /* Project object */ = {
			isa = PBXProject;
			attributes = {
				LastSwiftUpdateCheck = 1130;
				LastUpgradeCheck = 1130;
				ORGANIZATIONNAME = "Lee Lounsbury";
				TargetAttributes = {
					CECA6A5723DCD2670051A15A = {
						CreatedOnToolsVersion = 11.3.1;
					};
				};
			};
			buildConfigurationList = CECA6A5323DCD2670051A15A /* Build configuration list for PBXProject "GPS_test" */;
			compatibilityVersion = "Xcode 9.3";
			developmentRegion = en;
			hasScannedForEncodings = 0;
			knownRegions = (
				en,
				Base,
			);
			mainGroup = CECA6A4F23DCD2670051A15A;
			productRefGroup = CECA6A5923DCD2670051A15A /* Products */;
			projectDirPath = "";
			projectRoot = "";
			targets = (
				CECA6A5723DCD2670051A15A /* GPS_test */,
			);
		};
/* End PBXProject section */

/* Begin PBXResourcesBuildPhase section */
		CECA6A5623DCD2670051A15A /* Resources */ = {
			isa = PBXResourcesBuildPhase;
			buildActionMask = 2147483647;
			files = (
				CECA6A6823DCD2680051A15A /* LaunchScreen.storyboard in Resources */,
				CECA6A6523DCD2680051A15A /* Assets.xcassets in Resources */,
				CECA6A6323DCD2670051A15A /* Main.storyboard in Resources */,
			);
			runOnlyForDeploymentPostprocessing = 0;
		};
/* End PBXResourcesBuildPhase section */

/* Begin PBXSourcesBuildPhase section */
		CECA6A5423DCD2670051A15A /* Sources */ = {
			isa = PBXSourcesBuildPhase;
			buildActionMask = 2147483647;
			files = (
				CECA6A6023DCD2670051A15A /* ViewController.swift in Sources */,
				CECA6A7023E10E030051A15A /* GPSPoint.swift in Sources */,
				CECA6A5C23DCD2670051A15A /* AppDelegate.swift in Sources */,
				CECA6A7223E112260051A15A /* Route.swift in Sources */,
				CECA6A5E23DCD2670051A15A /* SceneDelegate.swift in Sources */,
			);
			runOnlyForDeploymentPostprocessing = 0;
		};
/* End PBXSourcesBuildPhase section */

/* Begin PBXVariantGroup section */
		CECA6A6123DCD2670051A15A /* Main.storyboard */ = {
			isa = PBXVariantGroup;
			children = (
				CECA6A6223DCD2670051A15A /* Base */,
			);
			name = Main.storyboard;
			sourceTree = "<group>";
		};
		CECA6A6623DCD2680051A15A /* LaunchScreen.storyboard */ = {
			isa = PBXVariantGroup;
			children = (
				CECA6A6723DCD2680051A15A /* Base */,
			);
			name = LaunchScreen.storyboard;
			sourceTree = "<group>";
		};
/* End PBXVariantGroup section */

/* Begin XCBuildConfiguration section */
		CECA6A6A23DCD2680051A15A /* Debug */ = {
			isa = XCBuildConfiguration;
			buildSettings = {
				ALWAYS_SEARCH_USER_PATHS = NO;
				CLANG_ANALYZER_NONNULL = YES;
				CLANG_ANALYZER_NUMBER_OBJECT_CONVERSION = YES_AGGRESSIVE;
				CLANG_CXX_LANGUAGE_STANDARD = "gnu++14";
				CLANG_CXX_LIBRARY = "libc++";
				CLANG_ENABLE_MODULES = YES;
				CLANG_ENABLE_OBJC_ARC = YES;
				CLANG_ENABLE_OBJC_WEAK = YES;
				CLANG_WARN_BLOCK_CAPTURE_AUTORELEASING = YES;
				CLANG_WARN_BOOL_CONVERSION = YES;
				CLANG_WARN_COMMA = YES;
				CLANG_WARN_CONSTANT_CONVERSION = YES;
				CLANG_WARN_DEPRECATED_OBJC_IMPLEMENTATIONS = YES;
				CLANG_WARN_DIRECT_OBJC_ISA_USAGE = YES_ERROR;
				CLANG_WARN_DOCUMENTATION_COMMENTS = YES;
				CLANG_WARN_EMPTY_BODY = YES;
				CLANG_WARN_ENUM_CONVERSION = YES;
				CLANG_WARN_INFINITE_RECURSION = YES;
				CLANG_WARN_INT_CONVERSION = YES;
				CLANG_WARN_NON_LITERAL_NULL_CONVERSION = YES;
				CLANG_WARN_OBJC_IMPLICIT_RETAIN_SELF = YES;
				CLANG_WARN_OBJC_LITERAL_CONVERSION = YES;
				CLANG_WARN_OBJC_ROOT_CLASS = YES_ERROR;
				CLANG_WARN_RANGE_LOOP_ANALYSIS = YES;
				CLANG_WARN_STRICT_PROTOTYPES = YES;
				CLANG_WARN_SUSPICIOUS_MOVE = YES;
				CLANG_WARN_UNGUARDED_AVAILABILITY = YES_AGGRESSIVE;
				CLANG_WARN_UNREACHABLE_CODE = YES;
				CLANG_WARN__DUPLICATE_METHOD_MATCH = YES;
				COPY_PHASE_STRIP = NO;
				DEBUG_INFORMATION_FORMAT = dwarf;
				ENABLE_STRICT_OBJC_MSGSEND = YES;
				ENABLE_TESTABILITY = YES;
				GCC_C_LANGUAGE_STANDARD = gnu11;
				GCC_DYNAMIC_NO_PIC = NO;
				GCC_NO_COMMON_BLOCKS = YES;
				GCC_OPTIMIZATION_LEVEL = 0;
				GCC_PREPROCESSOR_DEFINITIONS = (
					"DEBUG=1",
					"$(inherited)",
				);
				GCC_WARN_64_TO_32_BIT_CONVERSION = YES;
				GCC_WARN_ABOUT_RETURN_TYPE = YES_ERROR;
				GCC_WARN_UNDECLARED_SELECTOR = YES;
				GCC_WARN_UNINITIALIZED_AUTOS = YES_AGGRESSIVE;
				GCC_WARN_UNUSED_FUNCTION = YES;
				GCC_WARN_UNUSED_VARIABLE = YES;
				IPHONEOS_DEPLOYMENT_TARGET = 13.2;
				MTL_ENABLE_DEBUG_INFO = INCLUDE_SOURCE;
				MTL_FAST_MATH = YES;
				ONLY_ACTIVE_ARCH = YES;
				SDKROOT = iphoneos;
				SWIFT_ACTIVE_COMPILATION_CONDITIONS = DEBUG;
				SWIFT_OPTIMIZATION_LEVEL = "-Onone";
			};
			name = Debug;
		};
		CECA6A6B23DCD2680051A15A /* Release */ = {
			isa = XCBuildConfiguration;
			buildSettings = {
				ALWAYS_SEARCH_USER_PATHS = NO;
				CLANG_ANALYZER_NONNULL = YES;
				CLANG_ANALYZER_NUMBER_OBJECT_CONVERSION = YES_AGGRESSIVE;
				CLANG_CXX_LANGUAGE_STANDARD = "gnu++14";
				CLANG_CXX_LIBRARY = "libc++";
				CLANG_ENABLE_MODULES = YES;
				CLANG_ENABLE_OBJC_ARC = YES;
				CLANG_ENABLE_OBJC_WEAK = YES;
				CLANG_WARN_BLOCK_CAPTURE_AUTORELEASING = YES;
				CLANG_WARN_BOOL_CONVERSION = YES;
				CLANG_WARN_COMMA = YES;
				CLANG_WARN_CONSTANT_CONVERSION = YES;
				CLANG_WARN_DEPRECATED_OBJC_IMPLEMENTATIONS = YES;
				CLANG_WARN_DIRECT_OBJC_ISA_USAGE = YES_ERROR;
				CLANG_WARN_DOCUMENTATION_COMMENTS = YES;
				CLANG_WARN_EMPTY_BODY = YES;
				CLANG_WARN_ENUM_CONVERSION = YES;
				CLANG_WARN_INFINITE_RECURSION = YES;
				CLANG_WARN_INT_CONVERSION = YES;
				CLANG_WARN_NON_LITERAL_NULL_CONVERSION = YES;
				CLANG_WARN_OBJC_IMPLICIT_RETAIN_SELF = YES;
				CLANG_WARN_OBJC_LITERAL_CONVERSION = YES;
				CLANG_WARN_OBJC_ROOT_CLASS = YES_ERROR;
				CLANG_WARN_RANGE_LOOP_ANALYSIS = YES;
				CLANG_WARN_STRICT_PROTOTYPES = YES;
				CLANG_WARN_SUSPICIOUS_MOVE = YES;
				CLANG_WARN_UNGUARDED_AVAILABILITY = YES_AGGRESSIVE;
				CLANG_WARN_UNREACHABLE_CODE = YES;
				CLANG_WARN__DUPLICATE_METHOD_MATCH = YES;
				COPY_PHASE_STRIP = NO;
				DEBUG_INFORMATION_FORMAT = "dwarf-with-dsym";
				ENABLE_NS_ASSERTIONS = NO;
				ENABLE_STRICT_OBJC_MSGSEND = YES;
				GCC_C_LANGUAGE_STANDARD = gnu11;
				GCC_NO_COMMON_BLOCKS = YES;
				GCC_WARN_64_TO_32_BIT_CONVERSION = YES;
				GCC_WARN_ABOUT_RETURN_TYPE = YES_ERROR;
				GCC_WARN_UNDECLARED_SELECTOR = YES;
				GCC_WARN_UNINITIALIZED_AUTOS = YES_AGGRESSIVE;
				GCC_WARN_UNUSED_FUNCTION = YES;
				GCC_WARN_UNUSED_VARIABLE = YES;
				IPHONEOS_DEPLOYMENT_TARGET = 13.2;
				MTL_ENABLE_DEBUG_INFO = NO;
				MTL_FAST_MATH = YES;
				SDKROOT = iphoneos;
				SWIFT_COMPILATION_MODE = wholemodule;
				SWIFT_OPTIMIZATION_LEVEL = "-O";
				VALIDATE_PRODUCT = YES;
			};
			name = Release;
		};
		CECA6A6D23DCD2680051A15A /* Debug */ = {
			isa = XCBuildConfiguration;
			buildSettings = {
				ASSETCATALOG_COMPILER_APPICON_NAME = AppIcon;
				CODE_SIGN_STYLE = Automatic;
				DEVELOPMENT_TEAM = J8RFFNDX3X;
				INFOPLIST_FILE = GPS_test/Info.plist;
				IPHONEOS_DEPLOYMENT_TARGET = 13.2;
				LD_RUNPATH_SEARCH_PATHS = (
					"$(inherited)",
					"@executable_path/Frameworks",
				);
				PRODUCT_BUNDLE_IDENTIFIER = "com.leelounsbury.GPS-test";
				PRODUCT_NAME = "$(TARGET_NAME)";
				SWIFT_VERSION = 5.0;
				TARGETED_DEVICE_FAMILY = "1,2";
			};
			name = Debug;
		};
		CECA6A6E23DCD2680051A15A /* Release */ = {
			isa = XCBuildConfiguration;
			buildSettings = {
				ASSETCATALOG_COMPILER_APPICON_NAME = AppIcon;
				CODE_SIGN_STYLE = Automatic;
				DEVELOPMENT_TEAM = J8RFFNDX3X;
				INFOPLIST_FILE = GPS_test/Info.plist;
				IPHONEOS_DEPLOYMENT_TARGET = 13.2;
				LD_RUNPATH_SEARCH_PATHS = (
					"$(inherited)",
					"@executable_path/Frameworks",
				);
				PRODUCT_BUNDLE_IDENTIFIER = "com.leelounsbury.GPS-test";
				PRODUCT_NAME = "$(TARGET_NAME)";
				SWIFT_VERSION = 5.0;
				TARGETED_DEVICE_FAMILY = "1,2";
			};
			name = Release;
		};
/* End XCBuildConfiguration section */

/* Begin XCConfigurationList section */
		CECA6A5323DCD2670051A15A /* Build configuration list for PBXProject "GPS_test" */ = {
			isa = XCConfigurationList;
			buildConfigurations = (
				CECA6A6A23DCD2680051A15A /* Debug */,
				CECA6A6B23DCD2680051A15A /* Release */,
			);
			defaultConfigurationIsVisible = 0;
			defaultConfigurationName = Release;
		};
		CECA6A6C23DCD2680051A15A /* Build configuration list for PBXNativeTarget "GPS_test" */ = {
			isa = XCConfigurationList;
			buildConfigurations = (
				CECA6A6D23DCD2680051A15A /* Debug */,
				CECA6A6E23DCD2680051A15A /* Release */,
			);
			defaultConfigurationIsVisible = 0;
			defaultConfigurationName = Release;
		};
/* End XCConfigurationList section */
	};
	rootObject = CECA6A5023DCD2670051A15A /* Project object */;
}
